Microsoft Visual Studio Solution File, Format Version 12.00
# Visual Studio Version 17
VisualStudioVersion = 17.0.31611.283
MinimumVisualStudioVersion = 10.0.40219.1
Project("{9A19103F-16F7-4668-BE54-9A1E7A4F7556}") = "EventHorizon.Maui.BabylonJS", "EventHorizon.Maui.BabylonJS.csproj", "{0FAA66D6-C8DD-4AA3-8138-F23F5BC05205}"
EndProject
Project("{9A19103F-16F7-4668-BE54-9A1E7A4F7556}") = "EventHorizon.Blazor.BabylonJS.Server", "..\_generated\EventHorizon.Blazor.BabylonJS.Server\EventHorizon.Blazor.BabylonJS.Server.csproj", "{B64AD0FE-2D8C-447A-94D0-72201EE4D2CD}"
EndProject
Global
	GlobalSection(SolutionConfigurationPlatforms) = preSolution
		Debug|Any CPU = Debug|Any CPU
		Release|Any CPU = Release|Any CPU
	EndGlobalSection
	GlobalSection(ProjectConfigurationPlatforms) = postSolution
		{0FAA66D6-C8DD-4AA3-8138-F23F5BC05205}.Debug|Any CPU.ActiveCfg = Debug|Any CPU
		{0FAA66D6-C8DD-4AA3-8138-F23F5BC05205}.Debug|Any CPU.Build.0 = Debug|Any CPU
		{0FAA66D6-C8DD-4AA3-8138-F23F5BC05205}.Debug|Any CPU.Deploy.0 = Debug|Any CPU
		{0FAA66D6-C8DD-4AA3-8138-F23F5BC05205}.Release|Any CPU.ActiveCfg = Release|Any CPU
		{0FAA66D6-C8DD-4AA3-8138-F23F5BC05205}.Release|Any CPU.Build.0 = Release|Any CPU
		{0FAA66D6-C8DD-4AA3-8138-F23F5BC05205}.Release|Any CPU.Deploy.0 = Release|Any CPU
		{B64AD0FE-2D8C-447A-94D0-72201EE4D2CD}.Debug|Any CPU.ActiveCfg = Debug|Any CPU
		{B64AD0FE-2D8C-447A-94D0-72201EE4D2CD}.Debug|Any CPU.Build.0 = Debug|Any CPU
		{B64AD0FE-2D8C-447A-94D0-72201EE4D2CD}.Release|Any CPU.ActiveCfg = Release|Any CPU
		{B64AD0FE-2D8C-447A-94D0-72201EE4D2CD}.Release|Any CPU.Build.0 = Release|Any CPU
	EndGlobalSection
	GlobalSection(SolutionProperties) = preSolution
		HideSolutionNode = FALSE
	EndGlobalSection
	GlobalSection(ExtensibilityGlobals) = postSolution
		SolutionGuid = {61F7FB11-1E47-470C-91E2-47F8143E1572}
	EndGlobalSection
EndGlobal
